
Microsoft Visual Studio Solution File, Format Version 12.00
# Visual Studio 14
VisualStudioVersion = 14.0.25420.1
MinimumVisualStudioVersion = 10.0.40219.1
Project("{2150E333-8FDC-42A3-9474-1A3956D46DE8}") = "简单工厂", "简单工厂", "{DF98C0FE-9286-488B-9D2E-AC4F524922EF}"
EndProject
Project("{FAE04EC0-301F-11D3-BF4B-00C04F79EFBC}") = "Patterns.Chap1", "Patterns.Chap1\Patterns.Chap1.csproj", "{F4758A82-9E4A-4AC8-AD1A-3D40A78EAB32}"
EndProject
Project("{2150E333-8FDC-42A3-9474-1A3956D46DE8}") = "装饰模式", "装饰模式", "{9315AE86-C7D8-4139-A656-F6F2E953B527}"
EndProject
Project("{FAE04EC0-301F-11D3-BF4B-00C04F79EFBC}") = "Patterns.Chap2", "Patterns.Chap2\Patterns.Chap2.csproj", "{94ABD97E-2CFD-4807-86EA-EAF3BB742ACF}"
EndProject
Project("{2150E333-8FDC-42A3-9474-1A3956D46DE8}") = "模板方法", "模板方法", "{8BE019AB-5357-4311-A512-E95D755B87DC}"
EndProject
Project("{FAE04EC0-301F-11D3-BF4B-00C04F79EFBC}") = "Patterns.Chap3", "Patterns.Chap3\Patterns.Chap3.csproj", "{74471138-4772-4DCF-A577-F322294C2F8A}"
EndProject
Project("{2150E333-8FDC-42A3-9474-1A3956D46DE8}") = "状态模式", "状态模式", "{CDFFB901-8D11-44F2-8CC0-DF40F397A996}"
EndProject
Project("{FAE04EC0-301F-11D3-BF4B-00C04F79EFBC}") = "Patterns.Chap4", "Patterns.Chap4\Patterns.Chap4.csproj", "{164581CB-8A3A-45F1-A220-6712BBD4BF23}"
EndProject
Project("{2150E333-8FDC-42A3-9474-1A3956D46DE8}") = "策略模式", "策略模式", "{40638153-837A-4686-AB23-8B0E7F27E2D7}"
EndProject
Project("{FAE04EC0-301F-11D3-BF4B-00C04F79EFBC}") = "Patterns.Chap5", "Patterns.Chap5\Patterns.Chap5.csproj", "{5DD4F6BC-106B-4527-A53D-E77217AD956C}"
EndProject
Project("{2150E333-8FDC-42A3-9474-1A3956D46DE8}") = "规格模式", "规格模式", "{ACC00268-AB17-426A-9F14-6BB6163BEC02}"
EndProject
Project("{FAE04EC0-301F-11D3-BF4B-00C04F79EFBC}") = "Patterns.Chap6", "Patterns.Chap6\Patterns.Chap6.csproj", "{CB5F9DB5-AB2F-4D4B-B87C-476A2D751516}"
EndProject
Project("{2150E333-8FDC-42A3-9474-1A3956D46DE8}") = "组合模式", "组合模式", "{0EC47048-15B5-4EB7-B950-449C91ADA35F}"
EndProject
Project("{FAE04EC0-301F-11D3-BF4B-00C04F79EFBC}") = "Patterns.Chap7", "Patterns.Chap7\Patterns.Chap7.csproj", "{2E796308-2047-42C0-8834-F27D365C79B3}"
EndProject
Project("{2150E333-8FDC-42A3-9474-1A3956D46DE8}") = "层超类型模式", "层超类型模式", "{936969A4-DD78-40BF-902F-B050002CB809}"
EndProject
Project("{FAE04EC0-301F-11D3-BF4B-00C04F79EFBC}") = "Patterns.Chap8", "Patterns.Chap8\Patterns.Chap8.csproj", "{140B0D6E-A435-4C9C-9D86-27A891FF39B1}"
EndProject
Global
	GlobalSection(SolutionConfigurationPlatforms) = preSolution
		Debug|Any CPU = Debug|Any CPU
		Release|Any CPU = Release|Any CPU
	EndGlobalSection
	GlobalSection(ProjectConfigurationPlatforms) = postSolution
		{F4758A82-9E4A-4AC8-AD1A-3D40A78EAB32}.Debug|Any CPU.ActiveCfg = Debug|Any CPU
		{F4758A82-9E4A-4AC8-AD1A-3D40A78EAB32}.Debug|Any CPU.Build.0 = Debug|Any CPU
		{F4758A82-9E4A-4AC8-AD1A-3D40A78EAB32}.Release|Any CPU.ActiveCfg = Release|Any CPU
		{F4758A82-9E4A-4AC8-AD1A-3D40A78EAB32}.Release|Any CPU.Build.0 = Release|Any CPU
		{94ABD97E-2CFD-4807-86EA-EAF3BB742ACF}.Debug|Any CPU.ActiveCfg = Debug|Any CPU
		{94ABD97E-2CFD-4807-86EA-EAF3BB742ACF}.Debug|Any CPU.Build.0 = Debug|Any CPU
		{94ABD97E-2CFD-4807-86EA-EAF3BB742ACF}.Release|Any CPU.ActiveCfg = Release|Any CPU
		{94ABD97E-2CFD-4807-86EA-EAF3BB742ACF}.Release|Any CPU.Build.0 = Release|Any CPU
		{74471138-4772-4DCF-A577-F322294C2F8A}.Debug|Any CPU.ActiveCfg = Debug|Any CPU
		{74471138-4772-4DCF-A577-F322294C2F8A}.Debug|Any CPU.Build.0 = Debug|Any CPU
		{74471138-4772-4DCF-A577-F322294C2F8A}.Release|Any CPU.ActiveCfg = Release|Any CPU
		{74471138-4772-4DCF-A577-F322294C2F8A}.Release|Any CPU.Build.0 = Release|Any CPU
		{164581CB-8A3A-45F1-A220-6712BBD4BF23}.Debug|Any CPU.ActiveCfg = Debug|Any CPU
		{164581CB-8A3A-45F1-A220-6712BBD4BF23}.Debug|Any CPU.Build.0 = Debug|Any CPU
		{164581CB-8A3A-45F1-A220-6712BBD4BF23}.Release|Any CPU.ActiveCfg = Release|Any CPU
		{164581CB-8A3A-45F1-A220-6712BBD4BF23}.Release|Any CPU.Build.0 = Release|Any CPU
		{5DD4F6BC-106B-4527-A53D-E77217AD956C}.Debug|Any CPU.ActiveCfg = Debug|Any CPU
		{5DD4F6BC-106B-4527-A53D-E77217AD956C}.Debug|Any CPU.Build.0 = Debug|Any CPU
		{5DD4F6BC-106B-4527-A53D-E77217AD956C}.Release|Any CPU.ActiveCfg = Release|Any CPU
		{5DD4F6BC-106B-4527-A53D-E77217AD956C}.Release|Any CPU.Build.0 = Release|Any CPU
		{CB5F9DB5-AB2F-4D4B-B87C-476A2D751516}.Debug|Any CPU.ActiveCfg = Debug|Any CPU
		{CB5F9DB5-AB2F-4D4B-B87C-476A2D751516}.Debug|Any CPU.Build.0 = Debug|Any CPU
		{CB5F9DB5-AB2F-4D4B-B87C-476A2D751516}.Release|Any CPU.ActiveCfg = Release|Any CPU
		{CB5F9DB5-AB2F-4D4B-B87C-476A2D751516}.Release|Any CPU.Build.0 = Release|Any CPU
		{2E796308-2047-42C0-8834-F27D365C79B3}.Debug|Any CPU.ActiveCfg = Debug|Any CPU
		{2E796308-2047-42C0-8834-F27D365C79B3}.Debug|Any CPU.Build.0 = Debug|Any CPU
		{2E796308-2047-42C0-8834-F27D365C79B3}.Release|Any CPU.ActiveCfg = Release|Any CPU
		{2E796308-2047-42C0-8834-F27D365C79B3}.Release|Any CPU.Build.0 = Release|Any CPU
		{140B0D6E-A435-4C9C-9D86-27A891FF39B1}.Debug|Any CPU.ActiveCfg = Debug|Any CPU
		{140B0D6E-A435-4C9C-9D86-27A891FF39B1}.Debug|Any CPU.Build.0 = Debug|Any CPU
		{140B0D6E-A435-4C9C-9D86-27A891FF39B1}.Release|Any CPU.ActiveCfg = Release|Any CPU
		{140B0D6E-A435-4C9C-9D86-27A891FF39B1}.Release|Any CPU.Build.0 = Release|Any CPU
	EndGlobalSection
	GlobalSection(SolutionProperties) = preSolution
		HideSolutionNode = FALSE
	EndGlobalSection
	GlobalSection(NestedProjects) = preSolution
		{F4758A82-9E4A-4AC8-AD1A-3D40A78EAB32} = {DF98C0FE-9286-488B-9D2E-AC4F524922EF}
		{94ABD97E-2CFD-4807-86EA-EAF3BB742ACF} = {9315AE86-C7D8-4139-A656-F6F2E953B527}
		{74471138-4772-4DCF-A577-F322294C2F8A} = {8BE019AB-5357-4311-A512-E95D755B87DC}
		{164581CB-8A3A-45F1-A220-6712BBD4BF23} = {CDFFB901-8D11-44F2-8CC0-DF40F397A996}
		{5DD4F6BC-106B-4527-A53D-E77217AD956C} = {40638153-837A-4686-AB23-8B0E7F27E2D7}
		{CB5F9DB5-AB2F-4D4B-B87C-476A2D751516} = {ACC00268-AB17-426A-9F14-6BB6163BEC02}
		{2E796308-2047-42C0-8834-F27D365C79B3} = {0EC47048-15B5-4EB7-B950-449C91ADA35F}
		{140B0D6E-A435-4C9C-9D86-27A891FF39B1} = {936969A4-DD78-40BF-902F-B050002CB809}
	EndGlobalSection
EndGlobal
